
Microsoft Visual Studio Solution File, Format Version 12.00
# Visual Studio Version 16
VisualStudioVersion = 16.0.29613.14
MinimumVisualStudioVersion = 10.0.40219.1
Project("{FAE04EC0-301F-11D3-BF4B-00C04F79EFBC}") = "Practical", "Practical.csproj", "{451F655F-69CE-4BB4-A60C-ABC91B3609CF}"
EndProject
Global
	GlobalSection(SolutionConfigurationPlatforms) = preSolution
		Debug|Any CPU = Debug|Any CPU
		Release|Any CPU = Release|Any CPU
	EndGlobalSection
	GlobalSection(ProjectConfigurationPlatforms) = postSolution
		{451F655F-69CE-4BB4-A60C-ABC91B3609CF}.Debug|Any CPU.ActiveCfg = Debug|Any CPU
		{451F655F-69CE-4BB4-A60C-ABC91B3609CF}.Debug|Any CPU.Build.0 = Debug|Any CPU
		{451F655F-69CE-4BB4-A60C-ABC91B3609CF}.Release|Any CPU.ActiveCfg = Release|Any CPU
		{451F655F-69CE-4BB4-A60C-ABC91B3609CF}.Release|Any CPU.Build.0 = Release|Any CPU
	EndGlobalSection
	GlobalSection(SolutionProperties) = preSolution
		HideSolutionNode = FALSE
	EndGlobalSection
	GlobalSection(ExtensibilityGlobals) = postSolution
		SolutionGuid = {3508B058-1E69-471E-9051-7B69E6FBE881}
	EndGlobalSection
EndGlobal
